// !$*UTF8*$!
{
	archiveVersion = 1;
	classes = {
	};
	objectVersion = 56;
	objects = {

/* Begin PBXBuildFile section */
		D37ABB9F2B69714700529F1F /* QuickMathsApp.swift in Sources */ = {isa = PBXBuildFile; fileRef = D37ABB9E2B69714700529F1F /* QuickMathsApp.swift */; };
		D37ABBA32B69714800529F1F /* Assets.xcassets in Resources */ = {isa = PBXBuildFile; fileRef = D37ABBA22B69714800529F1F /* Assets.xcassets */; };
		D37ABBA62B69714800529F1F /* Preview Assets.xcassets in Resources */ = {isa = PBXBuildFile; fileRef = D37ABBA52B69714800529F1F /* Preview Assets.xcassets */; };
		D37ABBC92B69731200529F1F /* GameManager.swift in Sources */ = {isa = PBXBuildFile; fileRef = D37ABBB02B69731200529F1F /* GameManager.swift */; };
		D37ABBCA2B69731200529F1F /* TimerConfigView.swift in Sources */ = {isa = PBXBuildFile; fileRef = D37ABBB22B69731200529F1F /* TimerConfigView.swift */; };
		D37ABBCB2B69731200529F1F /* GameQuestionResult.swift in Sources */ = {isa = PBXBuildFile; fileRef = D37ABBB42B69731200529F1F /* GameQuestionResult.swift */; };
		D37ABBCC2B69731200529F1F /* GameType.swift in Sources */ = {isa = PBXBuildFile; fileRef = D37ABBB52B69731200529F1F /* GameType.swift */; };
		D37ABBCD2B69731200529F1F /* GameView.swift in Sources */ = {isa = PBXBuildFile; fileRef = D37ABBB72B69731200529F1F /* GameView.swift */; };
		D37ABBCE2B69731200529F1F /* TabBarView.swift in Sources */ = {isa = PBXBuildFile; fileRef = D37ABBB82B69731200529F1F /* TabBarView.swift */; };
		D37ABBCF2B69731200529F1F /* GameConfigHighScoreView.swift in Sources */ = {isa = PBXBuildFile; fileRef = D37ABBBA2B69731200529F1F /* GameConfigHighScoreView.swift */; };
		D37ABBD02B69731200529F1F /* GameConfigView.swift in Sources */ = {isa = PBXBuildFile; fileRef = D37ABBBB2B69731200529F1F /* GameConfigView.swift */; };
		D37ABBD12B69731200529F1F /* GameConfigSlidersView.swift in Sources */ = {isa = PBXBuildFile; fileRef = D37ABBBC2B69731200529F1F /* GameConfigSlidersView.swift */; };
		D37ABBD22B69731200529F1F /* GameSelectionView.swift in Sources */ = {isa = PBXBuildFile; fileRef = D37ABBBD2B69731200529F1F /* GameSelectionView.swift */; };
		D37ABBD32B69731200529F1F /* GameConfigObject.swift in Sources */ = {isa = PBXBuildFile; fileRef = D37ABBBF2B69731200529F1F /* GameConfigObject.swift */; };
		D37ABBD42B69731200529F1F /* TimerManager.swift in Sources */ = {isa = PBXBuildFile; fileRef = D37ABBC12B69731200529F1F /* TimerManager.swift */; };
		D37ABBD52B69731200529F1F /* GameDataObject.swift in Sources */ = {isa = PBXBuildFile; fileRef = D37ABBC22B69731200529F1F /* GameDataObject.swift */; };
		D37ABBD62B69731200529F1F /* GameQuestionManager.swift in Sources */ = {isa = PBXBuildFile; fileRef = D37ABBC32B69731200529F1F /* GameQuestionManager.swift */; };
		D37ABBD72B69731200529F1F /* CountdownTimer.swift in Sources */ = {isa = PBXBuildFile; fileRef = D37ABBC62B69731200529F1F /* CountdownTimer.swift */; };
		D37ABBD82B69731200529F1F /* GameCountdownView.swift in Sources */ = {isa = PBXBuildFile; fileRef = D37ABBC72B69731200529F1F /* GameCountdownView.swift */; };
		D37ABBD92B69731200529F1F /* ProgressBar.swift in Sources */ = {isa = PBXBuildFile; fileRef = D37ABBC82B69731200529F1F /* ProgressBar.swift */; };
/* End PBXBuildFile section */

/* Begin PBXFileReference section */
		D37ABB9B2B69714700529F1F /* QuickMaths.app */ = {isa = PBXFileReference; explicitFileType = wrapper.application; includeInIndex = 0; path = QuickMaths.app; sourceTree = BUILT_PRODUCTS_DIR; };
		D37ABB9E2B69714700529F1F /* QuickMathsApp.swift */ = {isa = PBXFileReference; lastKnownFileType = sourcecode.swift; path = QuickMathsApp.swift; sourceTree = "<group>"; };
		D37ABBA22B69714800529F1F /* Assets.xcassets */ = {isa = PBXFileReference; lastKnownFileType = folder.assetcatalog; path = Assets.xcassets; sourceTree = "<group>"; };
		D37ABBA52B69714800529F1F /* Preview Assets.xcassets */ = {isa = PBXFileReference; lastKnownFileType = folder.assetcatalog; path = "Preview Assets.xcassets"; sourceTree = "<group>"; };
		D37ABBB02B69731200529F1F /* GameManager.swift */ = {isa = PBXFileReference; fileEncoding = 4; lastKnownFileType = sourcecode.swift; path = GameManager.swift; sourceTree = "<group>"; };
		D37ABBB22B69731200529F1F /* TimerConfigView.swift */ = {isa = PBXFileReference; fileEncoding = 4; lastKnownFileType = sourcecode.swift; path = TimerConfigView.swift; sourceTree = "<group>"; };
		D37ABBB42B69731200529F1F /* GameQuestionResult.swift */ = {isa = PBXFileReference; fileEncoding = 4; lastKnownFileType = sourcecode.swift; path = GameQuestionResult.swift; sourceTree = "<group>"; };
		D37ABBB52B69731200529F1F /* GameType.swift */ = {isa = PBXFileReference; fileEncoding = 4; lastKnownFileType = sourcecode.swift; path = GameType.swift; sourceTree = "<group>"; };
		D37ABBB72B69731200529F1F /* GameView.swift */ = {isa = PBXFileReference; fileEncoding = 4; lastKnownFileType = sourcecode.swift; path = GameView.swift; sourceTree = "<group>"; };
		D37ABBB82B69731200529F1F /* TabBarView.swift */ = {isa = PBXFileReference; fileEncoding = 4; lastKnownFileType = sourcecode.swift; path = TabBarView.swift; sourceTree = "<group>"; };
		D37ABBBA2B69731200529F1F /* GameConfigHighScoreView.swift */ = {isa = PBXFileReference; fileEncoding = 4; lastKnownFileType = sourcecode.swift; path = GameConfigHighScoreView.swift; sourceTree = "<group>"; };
		D37ABBBB2B69731200529F1F /* GameConfigView.swift */ = {isa = PBXFileReference; fileEncoding = 4; lastKnownFileType = sourcecode.swift; path = GameConfigView.swift; sourceTree = "<group>"; };
		D37ABBBC2B69731200529F1F /* GameConfigSlidersView.swift */ = {isa = PBXFileReference; fileEncoding = 4; lastKnownFileType = sourcecode.swift; path = GameConfigSlidersView.swift; sourceTree = "<group>"; };
		D37ABBBD2B69731200529F1F /* GameSelectionView.swift */ = {isa = PBXFileReference; fileEncoding = 4; lastKnownFileType = sourcecode.swift; path = GameSelectionView.swift; sourceTree = "<group>"; };
		D37ABBBF2B69731200529F1F /* GameConfigObject.swift */ = {isa = PBXFileReference; fileEncoding = 4; lastKnownFileType = sourcecode.swift; path = GameConfigObject.swift; sourceTree = "<group>"; };
		D37ABBC12B69731200529F1F /* TimerManager.swift */ = {isa = PBXFileReference; fileEncoding = 4; lastKnownFileType = sourcecode.swift; path = TimerManager.swift; sourceTree = "<group>"; };
		D37ABBC22B69731200529F1F /* GameDataObject.swift */ = {isa = PBXFileReference; fileEncoding = 4; lastKnownFileType = sourcecode.swift; path = GameDataObject.swift; sourceTree = "<group>"; };
		D37ABBC32B69731200529F1F /* GameQuestionManager.swift */ = {isa = PBXFileReference; fileEncoding = 4; lastKnownFileType = sourcecode.swift; path = GameQuestionManager.swift; sourceTree = "<group>"; };
		D37ABBC62B69731200529F1F /* CountdownTimer.swift */ = {isa = PBXFileReference; fileEncoding = 4; lastKnownFileType = sourcecode.swift; path = CountdownTimer.swift; sourceTree = "<group>"; };
		D37ABBC72B69731200529F1F /* GameCountdownView.swift */ = {isa = PBXFileReference; fileEncoding = 4; lastKnownFileType = sourcecode.swift; path = GameCountdownView.swift; sourceTree = "<group>"; };
		D37ABBC82B69731200529F1F /* ProgressBar.swift */ = {isa = PBXFileReference; fileEncoding = 4; lastKnownFileType = sourcecode.swift; path = ProgressBar.swift; sourceTree = "<group>"; };
/* End PBXFileReference section */

/* Begin PBXFrameworksBuildPhase section */
		D37ABB982B69714700529F1F /* Frameworks */ = {
			isa = PBXFrameworksBuildPhase;
			buildActionMask = 2147483647;
			files = (
			);
			runOnlyForDeploymentPostprocessing = 0;
		};
/* End PBXFrameworksBuildPhase section */

/* Begin PBXGroup section */
		D37ABB922B69714700529F1F = {
			isa = PBXGroup;
			children = (
				D37ABB9D2B69714700529F1F /* QuickMaths */,
				D37ABB9C2B69714700529F1F /* Products */,
			);
			sourceTree = "<group>";
		};
		D37ABB9C2B69714700529F1F /* Products */ = {
			isa = PBXGroup;
			children = (
				D37ABB9B2B69714700529F1F /* QuickMaths.app */,
			);
			name = Products;
			sourceTree = "<group>";
		};
		D37ABB9D2B69714700529F1F /* QuickMaths */ = {
			isa = PBXGroup;
			children = (
				D37ABB9E2B69714700529F1F /* QuickMathsApp.swift */,
				D37ABBB32B69731200529F1F /* Enums */,
				D37ABBAF2B69731200529F1F /* Managers */,
				D37ABBAE2B69731200529F1F /* Views */,
				D37ABBA22B69714800529F1F /* Assets.xcassets */,
				D37ABBA42B69714800529F1F /* Preview Content */,
			);
			path = QuickMaths;
			sourceTree = "<group>";
		};
		D37ABBA42B69714800529F1F /* Preview Content */ = {
			isa = PBXGroup;
			children = (
				D37ABBA52B69714800529F1F /* Preview Assets.xcassets */,
			);
			path = "Preview Content";
			sourceTree = "<group>";
		};
		D37ABBAE2B69731200529F1F /* Views */ = {
			isa = PBXGroup;
			children = (
				D37ABBB82B69731200529F1F /* TabBarView.swift */,
				D37ABBBD2B69731200529F1F /* GameSelectionView.swift */,
				D37ABBB92B69731200529F1F /* GameConfig */,
				D37ABBB62B69731200529F1F /* Game */,
				D37ABBC42B69731200529F1F /* ViewComponents */,
			);
			path = Views;
			sourceTree = "<group>";
		};
		D37ABBAF2B69731200529F1F /* Managers */ = {
			isa = PBXGroup;
			children = (
				D37ABBB02B69731200529F1F /* GameManager.swift */,
				D37ABBBE2B69731200529F1F /* GameObjects */,
				D37ABBC02B69731200529F1F /* ChildObjectStructs */,
			);
			path = Managers;
			sourceTree = "<group>";
		};
		D37ABBB12B69731200529F1F /* Timer */ = {
			isa = PBXGroup;
			children = (
				D37ABBB22B69731200529F1F /* TimerConfigView.swift */,
			);
			path = Timer;
			sourceTree = "<group>";
		};
		D37ABBB32B69731200529F1F /* Enums */ = {
			isa = PBXGroup;
			children = (
				D37ABBB42B69731200529F1F /* GameQuestionResult.swift */,
				D37ABBB52B69731200529F1F /* GameType.swift */,
			);
			path = Enums;
			sourceTree = "<group>";
		};
		D37ABBB62B69731200529F1F /* Game */ = {
			isa = PBXGroup;
			children = (
				D37ABBB72B69731200529F1F /* GameView.swift */,
			);
			path = Game;
			sourceTree = "<group>";
		};
		D37ABBB92B69731200529F1F /* GameConfig */ = {
			isa = PBXGroup;
			children = (
				D37ABBBB2B69731200529F1F /* GameConfigView.swift */,
				D37ABBBC2B69731200529F1F /* GameConfigSlidersView.swift */,
				D37ABBBA2B69731200529F1F /* GameConfigHighScoreView.swift */,
				D37ABBB12B69731200529F1F /* Timer */,
			);
			path = GameConfig;
			sourceTree = "<group>";
		};
		D37ABBBE2B69731200529F1F /* GameObjects */ = {
			isa = PBXGroup;
			children = (
				D37ABBBF2B69731200529F1F /* GameConfigObject.swift */,
			);
			path = GameObjects;
			sourceTree = "<group>";
		};
		D37ABBC02B69731200529F1F /* ChildObjectStructs */ = {
			isa = PBXGroup;
			children = (
				D37ABBC22B69731200529F1F /* GameDataObject.swift */,
				D37ABBC32B69731200529F1F /* GameQuestionManager.swift */,
				D37ABBC12B69731200529F1F /* TimerManager.swift */,
			);
			path = ChildObjectStructs;
			sourceTree = "<group>";
		};
		D37ABBC42B69731200529F1F /* ViewComponents */ = {
			isa = PBXGroup;
			children = (
				D37ABBC52B69731200529F1F /* Countdown */,
			);
			path = ViewComponents;
			sourceTree = "<group>";
		};
		D37ABBC52B69731200529F1F /* Countdown */ = {
			isa = PBXGroup;
			children = (
				D37ABBC72B69731200529F1F /* GameCountdownView.swift */,
				D37ABBC82B69731200529F1F /* ProgressBar.swift */,
				D37ABBC62B69731200529F1F /* CountdownTimer.swift */,
			);
			path = Countdown;
			sourceTree = "<group>";
		};
/* End PBXGroup section */

/* Begin PBXNativeTarget section */
		D37ABB9A2B69714700529F1F /* QuickMaths */ = {
			isa = PBXNativeTarget;
			buildConfigurationList = D37ABBA92B69714800529F1F /* Build configuration list for PBXNativeTarget "QuickMaths" */;
			buildPhases = (
				D37ABB972B69714700529F1F /* Sources */,
				D37ABB982B69714700529F1F /* Frameworks */,
				D37ABB992B69714700529F1F /* Resources */,
			);
			buildRules = (
			);
			dependencies = (
			);
			name = QuickMaths;
			productName = QuickMaths;
			productReference = D37ABB9B2B69714700529F1F /* QuickMaths.app */;
			productType = "com.apple.product-type.application";
		};
/* End PBXNativeTarget section */

/* Begin PBXProject section */
		D37ABB932B69714700529F1F /* Project object */ = {
			isa = PBXProject;
			attributes = {
				BuildIndependentTargetsInParallel = 1;
				LastSwiftUpdateCheck = 1500;
				LastUpgradeCheck = 1500;
				TargetAttributes = {
					D37ABB9A2B69714700529F1F = {
						CreatedOnToolsVersion = 15.0.1;
					};
				};
			};
			buildConfigurationList = D37ABB962B69714700529F1F /* Build configuration list for PBXProject "QuickMaths" */;
			compatibilityVersion = "Xcode 14.0";
			developmentRegion = en;
			hasScannedForEncodings = 0;
			knownRegions = (
				en,
				Base,
			);
			mainGroup = D37ABB922B69714700529F1F;
			productRefGroup = D37ABB9C2B69714700529F1F /* Products */;
			projectDirPath = "";
			projectRoot = "";
			targets = (
				D37ABB9A2B69714700529F1F /* QuickMaths */,
			);
		};
/* End PBXProject section */

/* Begin PBXResourcesBuildPhase section */
		D37ABB992B69714700529F1F /* Resources */ = {
			isa = PBXResourcesBuildPhase;
			buildActionMask = 2147483647;
			files = (
				D37ABBA62B69714800529F1F /* Preview Assets.xcassets in Resources */,
				D37ABBA32B69714800529F1F /* Assets.xcassets in Resources */,
			);
			runOnlyForDeploymentPostprocessing = 0;
		};
/* End PBXResourcesBuildPhase section */

/* Begin PBXSourcesBuildPhase section */
		D37ABB972B69714700529F1F /* Sources */ = {
			isa = PBXSourcesBuildPhase;
			buildActionMask = 2147483647;
			files = (
				D37ABBD72B69731200529F1F /* CountdownTimer.swift in Sources */,
				D37ABBD92B69731200529F1F /* ProgressBar.swift in Sources */,
				D37ABBD02B69731200529F1F /* GameConfigView.swift in Sources */,
				D37ABBD62B69731200529F1F /* GameQuestionManager.swift in Sources */,
				D37ABBD12B69731200529F1F /* GameConfigSlidersView.swift in Sources */,
				D37ABBC92B69731200529F1F /* GameManager.swift in Sources */,
				D37ABBD52B69731200529F1F /* GameDataObject.swift in Sources */,
				D37ABBCE2B69731200529F1F /* TabBarView.swift in Sources */,
				D37ABBD42B69731200529F1F /* TimerManager.swift in Sources */,
				D37ABBCA2B69731200529F1F /* TimerConfigView.swift in Sources */,
				D37ABBD32B69731200529F1F /* GameConfigObject.swift in Sources */,
				D37ABBCB2B69731200529F1F /* GameQuestionResult.swift in Sources */,
				D37ABB9F2B69714700529F1F /* QuickMathsApp.swift in Sources */,
				D37ABBCC2B69731200529F1F /* GameType.swift in Sources */,
				D37ABBD22B69731200529F1F /* GameSelectionView.swift in Sources */,
				D37ABBCD2B69731200529F1F /* GameView.swift in Sources */,
				D37ABBD82B69731200529F1F /* GameCountdownView.swift in Sources */,
				D37ABBCF2B69731200529F1F /* GameConfigHighScoreView.swift in Sources */,
			);
			runOnlyForDeploymentPostprocessing = 0;
		};
/* End PBXSourcesBuildPhase section */

/* Begin XCBuildConfiguration section */
		D37ABBA72B69714800529F1F /* Debug */ = {
			isa = XCBuildConfiguration;
			buildSettings = {
				ALWAYS_SEARCH_USER_PATHS = NO;
				ASSETCATALOG_COMPILER_GENERATE_SWIFT_ASSET_SYMBOL_EXTENSIONS = YES;
				CLANG_ANALYZER_NONNULL = YES;
				CLANG_ANALYZER_NUMBER_OBJECT_CONVERSION = YES_AGGRESSIVE;
				CLANG_CXX_LANGUAGE_STANDARD = "gnu++20";
				CLANG_ENABLE_MODULES = YES;
				CLANG_ENABLE_OBJC_ARC = YES;
				CLANG_ENABLE_OBJC_WEAK = YES;
				CLANG_WARN_BLOCK_CAPTURE_AUTORELEASING = YES;
				CLANG_WARN_BOOL_CONVERSION = YES;
				CLANG_WARN_COMMA = YES;
				CLANG_WARN_CONSTANT_CONVERSION = YES;
				CLANG_WARN_DEPRECATED_OBJC_IMPLEMENTATIONS = YES;
				CLANG_WARN_DIRECT_OBJC_ISA_USAGE = YES_ERROR;
				CLANG_WARN_DOCUMENTATION_COMMENTS = YES;
				CLANG_WARN_EMPTY_BODY = YES;
				CLANG_WARN_ENUM_CONVERSION = YES;
				CLANG_WARN_INFINITE_RECURSION = YES;
				CLANG_WARN_INT_CONVERSION = YES;
				CLANG_WARN_NON_LITERAL_NULL_CONVERSION = YES;
				CLANG_WARN_OBJC_IMPLICIT_RETAIN_SELF = YES;
				CLANG_WARN_OBJC_LITERAL_CONVERSION = YES;
				CLANG_WARN_OBJC_ROOT_CLASS = YES_ERROR;
				CLANG_WARN_QUOTED_INCLUDE_IN_FRAMEWORK_HEADER = YES;
				CLANG_WARN_RANGE_LOOP_ANALYSIS = YES;
				CLANG_WARN_STRICT_PROTOTYPES = YES;
				CLANG_WARN_SUSPICIOUS_MOVE = YES;
				CLANG_WARN_UNGUARDED_AVAILABILITY = YES_AGGRESSIVE;
				CLANG_WARN_UNREACHABLE_CODE = YES;
				CLANG_WARN__DUPLICATE_METHOD_MATCH = YES;
				COPY_PHASE_STRIP = NO;
				DEBUG_INFORMATION_FORMAT = dwarf;
				ENABLE_STRICT_OBJC_MSGSEND = YES;
				ENABLE_TESTABILITY = YES;
				ENABLE_USER_SCRIPT_SANDBOXING = YES;
				GCC_C_LANGUAGE_STANDARD = gnu17;
				GCC_DYNAMIC_NO_PIC = NO;
				GCC_NO_COMMON_BLOCKS = YES;
				GCC_OPTIMIZATION_LEVEL = 0;
				GCC_PREPROCESSOR_DEFINITIONS = (
					"DEBUG=1",
					"$(inherited)",
				);
				GCC_WARN_64_TO_32_BIT_CONVERSION = YES;
				GCC_WARN_ABOUT_RETURN_TYPE = YES_ERROR;
				GCC_WARN_UNDECLARED_SELECTOR = YES;
				GCC_WARN_UNINITIALIZED_AUTOS = YES_AGGRESSIVE;
				GCC_WARN_UNUSED_FUNCTION = YES;
				GCC_WARN_UNUSED_VARIABLE = YES;
				IPHONEOS_DEPLOYMENT_TARGET = 17.0;
				LOCALIZATION_PREFERS_STRING_CATALOGS = YES;
				MTL_ENABLE_DEBUG_INFO = INCLUDE_SOURCE;
				MTL_FAST_MATH = YES;
				ONLY_ACTIVE_ARCH = YES;
				SDKROOT = iphoneos;
				SWIFT_ACTIVE_COMPILATION_CONDITIONS = "DEBUG $(inherited)";
				SWIFT_OPTIMIZATION_LEVEL = "-Onone";
			};
			name = Debug;
		};
		D37ABBA82B69714800529F1F /* Release */ = {
			isa = XCBuildConfiguration;
			buildSettings = {
				ALWAYS_SEARCH_USER_PATHS = NO;
				ASSETCATALOG_COMPILER_GENERATE_SWIFT_ASSET_SYMBOL_EXTENSIONS = YES;
				CLANG_ANALYZER_NONNULL = YES;
				CLANG_ANALYZER_NUMBER_OBJECT_CONVERSION = YES_AGGRESSIVE;
				CLANG_CXX_LANGUAGE_STANDARD = "gnu++20";
				CLANG_ENABLE_MODULES = YES;
				CLANG_ENABLE_OBJC_ARC = YES;
				CLANG_ENABLE_OBJC_WEAK = YES;
				CLANG_WARN_BLOCK_CAPTURE_AUTORELEASING = YES;
				CLANG_WARN_BOOL_CONVERSION = YES;
				CLANG_WARN_COMMA = YES;
				CLANG_WARN_CONSTANT_CONVERSION = YES;
				CLANG_WARN_DEPRECATED_OBJC_IMPLEMENTATIONS = YES;
				CLANG_WARN_DIRECT_OBJC_ISA_USAGE = YES_ERROR;
				CLANG_WARN_DOCUMENTATION_COMMENTS = YES;
				CLANG_WARN_EMPTY_BODY = YES;
				CLANG_WARN_ENUM_CONVERSION = YES;
				CLANG_WARN_INFINITE_RECURSION = YES;
				CLANG_WARN_INT_CONVERSION = YES;
				CLANG_WARN_NON_LITERAL_NULL_CONVERSION = YES;
				CLANG_WARN_OBJC_IMPLICIT_RETAIN_SELF = YES;
				CLANG_WARN_OBJC_LITERAL_CONVERSION = YES;
				CLANG_WARN_OBJC_ROOT_CLASS = YES_ERROR;
				CLANG_WARN_QUOTED_INCLUDE_IN_FRAMEWORK_HEADER = YES;
				CLANG_WARN_RANGE_LOOP_ANALYSIS = YES;
				CLANG_WARN_STRICT_PROTOTYPES = YES;
				CLANG_WARN_SUSPICIOUS_MOVE = YES;
				CLANG_WARN_UNGUARDED_AVAILABILITY = YES_AGGRESSIVE;
				CLANG_WARN_UNREACHABLE_CODE = YES;
				CLANG_WARN__DUPLICATE_METHOD_MATCH = YES;
				COPY_PHASE_STRIP = NO;
				DEBUG_INFORMATION_FORMAT = "dwarf-with-dsym";
				ENABLE_NS_ASSERTIONS = NO;
				ENABLE_STRICT_OBJC_MSGSEND = YES;
				ENABLE_USER_SCRIPT_SANDBOXING = YES;
				GCC_C_LANGUAGE_STANDARD = gnu17;
				GCC_NO_COMMON_BLOCKS = YES;
				GCC_WARN_64_TO_32_BIT_CONVERSION = YES;
				GCC_WARN_ABOUT_RETURN_TYPE = YES_ERROR;
				GCC_WARN_UNDECLARED_SELECTOR = YES;
				GCC_WARN_UNINITIALIZED_AUTOS = YES_AGGRESSIVE;
				GCC_WARN_UNUSED_FUNCTION = YES;
				GCC_WARN_UNUSED_VARIABLE = YES;
				IPHONEOS_DEPLOYMENT_TARGET = 17.0;
				LOCALIZATION_PREFERS_STRING_CATALOGS = YES;
				MTL_ENABLE_DEBUG_INFO = NO;
				MTL_FAST_MATH = YES;
				SDKROOT = iphoneos;
				SWIFT_COMPILATION_MODE = wholemodule;
				VALIDATE_PRODUCT = YES;
			};
			name = Release;
		};
		D37ABBAA2B69714800529F1F /* Debug */ = {
			isa = XCBuildConfiguration;
			buildSettings = {
				ASSETCATALOG_COMPILER_APPICON_NAME = AppIcon;
				ASSETCATALOG_COMPILER_GLOBAL_ACCENT_COLOR_NAME = AccentColor;
				CODE_SIGN_STYLE = Automatic;
				CURRENT_PROJECT_VERSION = 1;
				DEVELOPMENT_ASSET_PATHS = "\"QuickMaths/Preview Content\"";
				DEVELOPMENT_TEAM = Y96XUGCJZ5;
				ENABLE_PREVIEWS = YES;
				GENERATE_INFOPLIST_FILE = YES;
				INFOPLIST_KEY_UIApplicationSceneManifest_Generation = YES;
				INFOPLIST_KEY_UIApplicationSupportsIndirectInputEvents = YES;
				INFOPLIST_KEY_UILaunchScreen_Generation = YES;
				INFOPLIST_KEY_UISupportedInterfaceOrientations_iPad = "UIInterfaceOrientationPortrait UIInterfaceOrientationPortraitUpsideDown UIInterfaceOrientationLandscapeLeft UIInterfaceOrientationLandscapeRight";
				INFOPLIST_KEY_UISupportedInterfaceOrientations_iPhone = "UIInterfaceOrientationPortrait UIInterfaceOrientationLandscapeLeft UIInterfaceOrientationLandscapeRight";
				LD_RUNPATH_SEARCH_PATHS = (
					"$(inherited)",
					"@executable_path/Frameworks",
				);
				MARKETING_VERSION = 1.0;
				PRODUCT_BUNDLE_IDENTIFIER = Hardy.QuickMaths;
				PRODUCT_NAME = "$(TARGET_NAME)";
				SWIFT_EMIT_LOC_STRINGS = YES;
				SWIFT_VERSION = 5.0;
				TARGETED_DEVICE_FAMILY = "1,2";
			};
			name = Debug;
		};
		D37ABBAB2B69714800529F1F /* Release */ = {
			isa = XCBuildConfiguration;
			buildSettings = {
				ASSETCATALOG_COMPILER_APPICON_NAME = AppIcon;
				ASSETCATALOG_COMPILER_GLOBAL_ACCENT_COLOR_NAME = AccentColor;
				CODE_SIGN_STYLE = Automatic;
				CURRENT_PROJECT_VERSION = 1;
				DEVELOPMENT_ASSET_PATHS = "\"QuickMaths/Preview Content\"";
				DEVELOPMENT_TEAM = Y96XUGCJZ5;
				ENABLE_PREVIEWS = YES;
				GENERATE_INFOPLIST_FILE = YES;
				INFOPLIST_KEY_UIApplicationSceneManifest_Generation = YES;
				INFOPLIST_KEY_UIApplicationSupportsIndirectInputEvents = YES;
				INFOPLIST_KEY_UILaunchScreen_Generation = YES;
				INFOPLIST_KEY_UISupportedInterfaceOrientations_iPad = "UIInterfaceOrientationPortrait UIInterfaceOrientationPortraitUpsideDown UIInterfaceOrientationLandscapeLeft UIInterfaceOrientationLandscapeRight";
				INFOPLIST_KEY_UISupportedInterfaceOrientations_iPhone = "UIInterfaceOrientationPortrait UIInterfaceOrientationLandscapeLeft UIInterfaceOrientationLandscapeRight";
				LD_RUNPATH_SEARCH_PATHS = (
					"$(inherited)",
					"@executable_path/Frameworks",
				);
				MARKETING_VERSION = 1.0;
				PRODUCT_BUNDLE_IDENTIFIER = Hardy.QuickMaths;
				PRODUCT_NAME = "$(TARGET_NAME)";
				SWIFT_EMIT_LOC_STRINGS = YES;
				SWIFT_VERSION = 5.0;
				TARGETED_DEVICE_FAMILY = "1,2";
			};
			name = Release;
		};
/* End XCBuildConfiguration section */

/* Begin XCConfigurationList section */
		D37ABB962B69714700529F1F /* Build configuration list for PBXProject "QuickMaths" */ = {
			isa = XCConfigurationList;
			buildConfigurations = (
				D37ABBA72B69714800529F1F /* Debug */,
				D37ABBA82B69714800529F1F /* Release */,
			);
			defaultConfigurationIsVisible = 0;
			defaultConfigurationName = Release;
		};
		D37ABBA92B69714800529F1F /* Build configuration list for PBXNativeTarget "QuickMaths" */ = {
			isa = XCConfigurationList;
			buildConfigurations = (
				D37ABBAA2B69714800529F1F /* Debug */,
				D37ABBAB2B69714800529F1F /* Release */,
			);
			defaultConfigurationIsVisible = 0;
			defaultConfigurationName = Release;
		};
/* End XCConfigurationList section */
	};
	rootObject = D37ABB932B69714700529F1F /* Project object */;
}
