// !$*UTF8*$!
{
	archiveVersion = 1;
	classes = {
	};
	objectVersion = 56;
	objects = {

/* Begin PBXBuildFile section */
		D36080122B6B74FF003B5E8D /* ParsedLogData.swift in Sources */ = {isa = PBXBuildFile; fileRef = D36080112B6B74FF003B5E8D /* ParsedLogData.swift */; };
		D36080172B6B7585003B5E8D /* QuestionDuration.swift in Sources */ = {isa = PBXBuildFile; fileRef = D36080162B6B7585003B5E8D /* QuestionDuration.swift */; };
		D36080192B6B7599003B5E8D /* QuestionAttempts.swift in Sources */ = {isa = PBXBuildFile; fileRef = D36080182B6B7599003B5E8D /* QuestionAttempts.swift */; };
		D360801B2B6B75F0003B5E8D /* LogDataCalculator.swift in Sources */ = {isa = PBXBuildFile; fileRef = D360801A2B6B75F0003B5E8D /* LogDataCalculator.swift */; };
		D360801E2B6B7649003B5E8D /* JSONManager.swift in Sources */ = {isa = PBXBuildFile; fileRef = D360801D2B6B7649003B5E8D /* JSONManager.swift */; };
		D36080202B6B7F08003B5E8D /* NavigationManager.swift in Sources */ = {isa = PBXBuildFile; fileRef = D360801F2B6B7F08003B5E8D /* NavigationManager.swift */; };
		D36080232B6B8015003B5E8D /* GameResultsView.swift in Sources */ = {isa = PBXBuildFile; fileRef = D36080222B6B8015003B5E8D /* GameResultsView.swift */; };
		D375B4612B6A86D800E33710 /* Calculator.swift in Sources */ = {isa = PBXBuildFile; fileRef = D375B3EF2B6A86D800E33710 /* Calculator.swift */; };
		D375B4622B6A86D800E33710 /* QuickMathsManager.swift in Sources */ = {isa = PBXBuildFile; fileRef = D375B3F02B6A86D800E33710 /* QuickMathsManager.swift */; };
		D375B4632B6A86D800E33710 /* GameConfigObject.swift in Sources */ = {isa = PBXBuildFile; fileRef = D375B3F22B6A86D800E33710 /* GameConfigObject.swift */; };
		D375B4642B6A86D800E33710 /* TimerManager.swift in Sources */ = {isa = PBXBuildFile; fileRef = D375B3F42B6A86D800E33710 /* TimerManager.swift */; };
		D375B4652B6A86D800E33710 /* GameDataObject.swift in Sources */ = {isa = PBXBuildFile; fileRef = D375B3F52B6A86D800E33710 /* GameDataObject.swift */; };
		D375B4662B6A86D800E33710 /* GameQuestionManager.swift in Sources */ = {isa = PBXBuildFile; fileRef = D375B3F62B6A86D800E33710 /* GameQuestionManager.swift */; };
		D375B4672B6A86D800E33710 /* GameManager.swift in Sources */ = {isa = PBXBuildFile; fileRef = D375B3F72B6A86D800E33710 /* GameManager.swift */; };
		D375B4682B6A86D800E33710 /* GameQuestionResult.swift in Sources */ = {isa = PBXBuildFile; fileRef = D375B3F92B6A86D800E33710 /* GameQuestionResult.swift */; };
		D375B4692B6A86D800E33710 /* GameType.swift in Sources */ = {isa = PBXBuildFile; fileRef = D375B3FA2B6A86D800E33710 /* GameType.swift */; };
		D375B46B2B6A86D800E33710 /* Preview Assets.xcassets in Resources */ = {isa = PBXBuildFile; fileRef = D375B3FD2B6A86D800E33710 /* Preview Assets.xcassets */; };
		D375B46D2B6A86D800E33710 /* Extensions.swift in Sources */ = {isa = PBXBuildFile; fileRef = D375B4002B6A86D800E33710 /* Extensions.swift */; };
		D375B46E2B6A86D800E33710 /* ReadMe.md in Resources */ = {isa = PBXBuildFile; fileRef = D375B4012B6A86D800E33710 /* ReadMe.md */; };
		D375B4902B6A86D800E33710 /* QuickMathsApp.swift in Sources */ = {isa = PBXBuildFile; fileRef = D375B4332B6A86D800E33710 /* QuickMathsApp.swift */; };
		D375B49C2B6A86D800E33710 /* GameLogDetailView.swift in Sources */ = {isa = PBXBuildFile; fileRef = D375B4482B6A86D800E33710 /* GameLogDetailView.swift */; };
		D375B49D2B6A86D800E33710 /* GameView.swift in Sources */ = {isa = PBXBuildFile; fileRef = D375B44A2B6A86D800E33710 /* GameView.swift */; };
		D375B49E2B6A86D800E33710 /* GameActiveView.swift in Sources */ = {isa = PBXBuildFile; fileRef = D375B44B2B6A86D800E33710 /* GameActiveView.swift */; };
		D375B4A02B6A86D800E33710 /* SaveGameToggle.swift in Sources */ = {isa = PBXBuildFile; fileRef = D375B44D2B6A86D800E33710 /* SaveGameToggle.swift */; };
		D375B4A12B6A86D800E33710 /* TabBarView.swift in Sources */ = {isa = PBXBuildFile; fileRef = D375B44E2B6A86D800E33710 /* TabBarView.swift */; };
		D375B4A22B6A86D800E33710 /* TimerConfigView.swift in Sources */ = {isa = PBXBuildFile; fileRef = D375B4512B6A86D800E33710 /* TimerConfigView.swift */; };
		D375B4A32B6A86D800E33710 /* GameConfigHighScoreView.swift in Sources */ = {isa = PBXBuildFile; fileRef = D375B4522B6A86D800E33710 /* GameConfigHighScoreView.swift */; };
		D375B4A42B6A86D800E33710 /* GameConfigView.swift in Sources */ = {isa = PBXBuildFile; fileRef = D375B4532B6A86D800E33710 /* GameConfigView.swift */; };
		D375B4A52B6A86D800E33710 /* GameConfigSlidersView.swift in Sources */ = {isa = PBXBuildFile; fileRef = D375B4542B6A86D800E33710 /* GameConfigSlidersView.swift */; };
		D375B4A62B6A86D800E33710 /* GameSelectionView.swift in Sources */ = {isa = PBXBuildFile; fileRef = D375B4552B6A86D800E33710 /* GameSelectionView.swift */; };
		D375B4A72B6A86D800E33710 /* CountdownTimer.swift in Sources */ = {isa = PBXBuildFile; fileRef = D375B4582B6A86D800E33710 /* CountdownTimer.swift */; };
		D375B4A82B6A86D800E33710 /* GameCountdownView.swift in Sources */ = {isa = PBXBuildFile; fileRef = D375B4592B6A86D800E33710 /* GameCountdownView.swift */; };
		D375B4A92B6A86D800E33710 /* ProgressBar.swift in Sources */ = {isa = PBXBuildFile; fileRef = D375B45A2B6A86D800E33710 /* ProgressBar.swift */; };
		D375B4AA2B6A86D800E33710 /* KeyboardView.swift in Sources */ = {isa = PBXBuildFile; fileRef = D375B45B2B6A86D800E33710 /* KeyboardView.swift */; };
		D375B4B12B6A87EC00E33710 /* QuickMathsModel.xcdatamodeld in Sources */ = {isa = PBXBuildFile; fileRef = D375B4AF2B6A87EC00E33710 /* QuickMathsModel.xcdatamodeld */; };
		D375B4B72B6A894700E33710 /* AllGameLogsView.swift in Sources */ = {isa = PBXBuildFile; fileRef = D375B4B62B6A894700E33710 /* AllGameLogsView.swift */; };
		D375B4B92B6AA3D600E33710 /* NSManagedObject.swift in Sources */ = {isa = PBXBuildFile; fileRef = D375B4B82B6AA3D600E33710 /* NSManagedObject.swift */; };
		D375B4BB2B6AA4B200E33710 /* Database.swift in Sources */ = {isa = PBXBuildFile; fileRef = D375B4BA2B6AA4B200E33710 /* Database.swift */; };
		D375B4C52B6AA90000E33710 /* GameLogListView.swift in Sources */ = {isa = PBXBuildFile; fileRef = D375B4C42B6AA90000E33710 /* GameLogListView.swift */; };
		D375B4C92B6AA96400E33710 /* GameLog+CoreDataClass.swift in Sources */ = {isa = PBXBuildFile; fileRef = D375B4C72B6AA96400E33710 /* GameLog+CoreDataClass.swift */; };
		D375B4CA2B6AA96400E33710 /* GameLog+CoreDataProperties.swift in Sources */ = {isa = PBXBuildFile; fileRef = D375B4C82B6AA96400E33710 /* GameLog+CoreDataProperties.swift */; };
		D375B4CD2B6AAA5E00E33710 /* GameLogExtensions.swift in Sources */ = {isa = PBXBuildFile; fileRef = D375B4CC2B6AAA5E00E33710 /* GameLogExtensions.swift */; };
		D37ABBA32B69714800529F1F /* Assets.xcassets in Resources */ = {isa = PBXBuildFile; fileRef = D37ABBA22B69714800529F1F /* Assets.xcassets */; };
		D37ABBA62B69714800529F1F /* Preview Assets.xcassets in Resources */ = {isa = PBXBuildFile; fileRef = D37ABBA52B69714800529F1F /* Preview Assets.xcassets */; };
/* End PBXBuildFile section */

/* Begin PBXFileReference section */
		D36080112B6B74FF003B5E8D /* ParsedLogData.swift */ = {isa = PBXFileReference; lastKnownFileType = sourcecode.swift; path = ParsedLogData.swift; sourceTree = "<group>"; };
		D36080162B6B7585003B5E8D /* QuestionDuration.swift */ = {isa = PBXFileReference; lastKnownFileType = sourcecode.swift; path = QuestionDuration.swift; sourceTree = "<group>"; };
		D36080182B6B7599003B5E8D /* QuestionAttempts.swift */ = {isa = PBXFileReference; lastKnownFileType = sourcecode.swift; path = QuestionAttempts.swift; sourceTree = "<group>"; };
		D360801A2B6B75F0003B5E8D /* LogDataCalculator.swift */ = {isa = PBXFileReference; lastKnownFileType = sourcecode.swift; path = LogDataCalculator.swift; sourceTree = "<group>"; };
		D360801D2B6B7649003B5E8D /* JSONManager.swift */ = {isa = PBXFileReference; lastKnownFileType = sourcecode.swift; path = JSONManager.swift; sourceTree = "<group>"; };
		D360801F2B6B7F08003B5E8D /* NavigationManager.swift */ = {isa = PBXFileReference; lastKnownFileType = sourcecode.swift; path = NavigationManager.swift; sourceTree = "<group>"; };
		D36080222B6B8015003B5E8D /* GameResultsView.swift */ = {isa = PBXFileReference; lastKnownFileType = sourcecode.swift; path = GameResultsView.swift; sourceTree = "<group>"; };
		D375B3EF2B6A86D800E33710 /* Calculator.swift */ = {isa = PBXFileReference; fileEncoding = 4; lastKnownFileType = sourcecode.swift; path = Calculator.swift; sourceTree = "<group>"; };
		D375B3F02B6A86D800E33710 /* QuickMathsManager.swift */ = {isa = PBXFileReference; fileEncoding = 4; lastKnownFileType = sourcecode.swift; path = QuickMathsManager.swift; sourceTree = "<group>"; };
		D375B3F22B6A86D800E33710 /* GameConfigObject.swift */ = {isa = PBXFileReference; fileEncoding = 4; lastKnownFileType = sourcecode.swift; path = GameConfigObject.swift; sourceTree = "<group>"; };
		D375B3F42B6A86D800E33710 /* TimerManager.swift */ = {isa = PBXFileReference; fileEncoding = 4; lastKnownFileType = sourcecode.swift; path = TimerManager.swift; sourceTree = "<group>"; };
		D375B3F52B6A86D800E33710 /* GameDataObject.swift */ = {isa = PBXFileReference; fileEncoding = 4; lastKnownFileType = sourcecode.swift; path = GameDataObject.swift; sourceTree = "<group>"; };
		D375B3F62B6A86D800E33710 /* GameQuestionManager.swift */ = {isa = PBXFileReference; fileEncoding = 4; lastKnownFileType = sourcecode.swift; path = GameQuestionManager.swift; sourceTree = "<group>"; };
		D375B3F72B6A86D800E33710 /* GameManager.swift */ = {isa = PBXFileReference; fileEncoding = 4; lastKnownFileType = sourcecode.swift; path = GameManager.swift; sourceTree = "<group>"; };
		D375B3F92B6A86D800E33710 /* GameQuestionResult.swift */ = {isa = PBXFileReference; fileEncoding = 4; lastKnownFileType = sourcecode.swift; path = GameQuestionResult.swift; sourceTree = "<group>"; };
		D375B3FA2B6A86D800E33710 /* GameType.swift */ = {isa = PBXFileReference; fileEncoding = 4; lastKnownFileType = sourcecode.swift; path = GameType.swift; sourceTree = "<group>"; };
		D375B3FD2B6A86D800E33710 /* Preview Assets.xcassets */ = {isa = PBXFileReference; lastKnownFileType = folder.assetcatalog; path = "Preview Assets.xcassets"; sourceTree = "<group>"; };
		D375B4002B6A86D800E33710 /* Extensions.swift */ = {isa = PBXFileReference; fileEncoding = 4; lastKnownFileType = sourcecode.swift; path = Extensions.swift; sourceTree = "<group>"; };
		D375B4012B6A86D800E33710 /* ReadMe.md */ = {isa = PBXFileReference; fileEncoding = 4; lastKnownFileType = net.daringfireball.markdown; path = ReadMe.md; sourceTree = "<group>"; };
		D375B4332B6A86D800E33710 /* QuickMathsApp.swift */ = {isa = PBXFileReference; fileEncoding = 4; lastKnownFileType = sourcecode.swift; path = QuickMathsApp.swift; sourceTree = "<group>"; };
		D375B4482B6A86D800E33710 /* GameLogDetailView.swift */ = {isa = PBXFileReference; fileEncoding = 4; lastKnownFileType = sourcecode.swift; path = GameLogDetailView.swift; sourceTree = "<group>"; };
		D375B44A2B6A86D800E33710 /* GameView.swift */ = {isa = PBXFileReference; fileEncoding = 4; lastKnownFileType = sourcecode.swift; path = GameView.swift; sourceTree = "<group>"; };
		D375B44B2B6A86D800E33710 /* GameActiveView.swift */ = {isa = PBXFileReference; fileEncoding = 4; lastKnownFileType = sourcecode.swift; path = GameActiveView.swift; sourceTree = "<group>"; };
		D375B44D2B6A86D800E33710 /* SaveGameToggle.swift */ = {isa = PBXFileReference; fileEncoding = 4; lastKnownFileType = sourcecode.swift; path = SaveGameToggle.swift; sourceTree = "<group>"; };
		D375B44E2B6A86D800E33710 /* TabBarView.swift */ = {isa = PBXFileReference; fileEncoding = 4; lastKnownFileType = sourcecode.swift; path = TabBarView.swift; sourceTree = "<group>"; };
		D375B4512B6A86D800E33710 /* TimerConfigView.swift */ = {isa = PBXFileReference; fileEncoding = 4; lastKnownFileType = sourcecode.swift; path = TimerConfigView.swift; sourceTree = "<group>"; };
		D375B4522B6A86D800E33710 /* GameConfigHighScoreView.swift */ = {isa = PBXFileReference; fileEncoding = 4; lastKnownFileType = sourcecode.swift; path = GameConfigHighScoreView.swift; sourceTree = "<group>"; };
		D375B4532B6A86D800E33710 /* GameConfigView.swift */ = {isa = PBXFileReference; fileEncoding = 4; lastKnownFileType = sourcecode.swift; path = GameConfigView.swift; sourceTree = "<group>"; };
		D375B4542B6A86D800E33710 /* GameConfigSlidersView.swift */ = {isa = PBXFileReference; fileEncoding = 4; lastKnownFileType = sourcecode.swift; path = GameConfigSlidersView.swift; sourceTree = "<group>"; };
		D375B4552B6A86D800E33710 /* GameSelectionView.swift */ = {isa = PBXFileReference; fileEncoding = 4; lastKnownFileType = sourcecode.swift; path = GameSelectionView.swift; sourceTree = "<group>"; };
		D375B4582B6A86D800E33710 /* CountdownTimer.swift */ = {isa = PBXFileReference; fileEncoding = 4; lastKnownFileType = sourcecode.swift; path = CountdownTimer.swift; sourceTree = "<group>"; };
		D375B4592B6A86D800E33710 /* GameCountdownView.swift */ = {isa = PBXFileReference; fileEncoding = 4; lastKnownFileType = sourcecode.swift; path = GameCountdownView.swift; sourceTree = "<group>"; };
		D375B45A2B6A86D800E33710 /* ProgressBar.swift */ = {isa = PBXFileReference; fileEncoding = 4; lastKnownFileType = sourcecode.swift; path = ProgressBar.swift; sourceTree = "<group>"; };
		D375B45B2B6A86D800E33710 /* KeyboardView.swift */ = {isa = PBXFileReference; fileEncoding = 4; lastKnownFileType = sourcecode.swift; path = KeyboardView.swift; sourceTree = "<group>"; };
		D375B4B02B6A87EC00E33710 /* dsds.xcdatamodel */ = {isa = PBXFileReference; lastKnownFileType = wrapper.xcdatamodel; path = dsds.xcdatamodel; sourceTree = "<group>"; };
		D375B4B62B6A894700E33710 /* AllGameLogsView.swift */ = {isa = PBXFileReference; lastKnownFileType = sourcecode.swift; path = AllGameLogsView.swift; sourceTree = "<group>"; };
		D375B4B82B6AA3D600E33710 /* NSManagedObject.swift */ = {isa = PBXFileReference; lastKnownFileType = sourcecode.swift; path = NSManagedObject.swift; sourceTree = "<group>"; };
		D375B4BA2B6AA4B200E33710 /* Database.swift */ = {isa = PBXFileReference; lastKnownFileType = sourcecode.swift; path = Database.swift; sourceTree = "<group>"; };
		D375B4C42B6AA90000E33710 /* GameLogListView.swift */ = {isa = PBXFileReference; lastKnownFileType = sourcecode.swift; path = GameLogListView.swift; sourceTree = "<group>"; };
		D375B4C72B6AA96400E33710 /* GameLog+CoreDataClass.swift */ = {isa = PBXFileReference; lastKnownFileType = sourcecode.swift; path = "GameLog+CoreDataClass.swift"; sourceTree = "<group>"; };
		D375B4C82B6AA96400E33710 /* GameLog+CoreDataProperties.swift */ = {isa = PBXFileReference; lastKnownFileType = sourcecode.swift; path = "GameLog+CoreDataProperties.swift"; sourceTree = "<group>"; };
		D375B4CC2B6AAA5E00E33710 /* GameLogExtensions.swift */ = {isa = PBXFileReference; lastKnownFileType = sourcecode.swift; path = GameLogExtensions.swift; sourceTree = "<group>"; };
		D37ABB9B2B69714700529F1F /* QuickMaths.app */ = {isa = PBXFileReference; explicitFileType = wrapper.application; includeInIndex = 0; path = QuickMaths.app; sourceTree = BUILT_PRODUCTS_DIR; };
		D37ABBA22B69714800529F1F /* Assets.xcassets */ = {isa = PBXFileReference; lastKnownFileType = folder.assetcatalog; path = Assets.xcassets; sourceTree = "<group>"; };
		D37ABBA52B69714800529F1F /* Preview Assets.xcassets */ = {isa = PBXFileReference; lastKnownFileType = folder.assetcatalog; path = "Preview Assets.xcassets"; sourceTree = "<group>"; };
/* End PBXFileReference section */

/* Begin PBXFrameworksBuildPhase section */
		D37ABB982B69714700529F1F /* Frameworks */ = {
			isa = PBXFrameworksBuildPhase;
			buildActionMask = 2147483647;
			files = (
			);
			runOnlyForDeploymentPostprocessing = 0;
		};
/* End PBXFrameworksBuildPhase section */

/* Begin PBXGroup section */
		D36080132B6B7501003B5E8D /* Structs */ = {
			isa = PBXGroup;
			children = (
				D36080112B6B74FF003B5E8D /* ParsedLogData.swift */,
				D36080182B6B7599003B5E8D /* QuestionAttempts.swift */,
				D36080162B6B7585003B5E8D /* QuestionDuration.swift */,
			);
			path = Structs;
			sourceTree = "<group>";
		};
		D360801C2B6B75FC003B5E8D /* LogData */ = {
			isa = PBXGroup;
			children = (
				D360801A2B6B75F0003B5E8D /* LogDataCalculator.swift */,
				D36080132B6B7501003B5E8D /* Structs */,
			);
			path = LogData;
			sourceTree = "<group>";
		};
		D36080212B6B7F1E003B5E8D /* NavigationManager */ = {
			isa = PBXGroup;
			children = (
				D360801F2B6B7F08003B5E8D /* NavigationManager.swift */,
			);
			path = NavigationManager;
			sourceTree = "<group>";
		};
		D375B3EE2B6A86D800E33710 /* Managers */ = {
			isa = PBXGroup;
			children = (
				D375B3EF2B6A86D800E33710 /* Calculator.swift */,
				D375B3F02B6A86D800E33710 /* QuickMathsManager.swift */,
				D375B3F12B6A86D800E33710 /* GameObjects */,
				D375B3F32B6A86D800E33710 /* ChildObjectStructs */,
				D360801C2B6B75FC003B5E8D /* LogData */,
				D375B3F72B6A86D800E33710 /* GameManager.swift */,
				D360801D2B6B7649003B5E8D /* JSONManager.swift */,
				D36080212B6B7F1E003B5E8D /* NavigationManager */,
			);
			path = Managers;
			sourceTree = "<group>";
		};
		D375B3F12B6A86D800E33710 /* GameObjects */ = {
			isa = PBXGroup;
			children = (
				D375B3F22B6A86D800E33710 /* GameConfigObject.swift */,
			);
			path = GameObjects;
			sourceTree = "<group>";
		};
		D375B3F32B6A86D800E33710 /* ChildObjectStructs */ = {
			isa = PBXGroup;
			children = (
				D375B3F42B6A86D800E33710 /* TimerManager.swift */,
				D375B3F52B6A86D800E33710 /* GameDataObject.swift */,
				D375B3F62B6A86D800E33710 /* GameQuestionManager.swift */,
			);
			path = ChildObjectStructs;
			sourceTree = "<group>";
		};
		D375B3F82B6A86D800E33710 /* Enums */ = {
			isa = PBXGroup;
			children = (
				D375B3F92B6A86D800E33710 /* GameQuestionResult.swift */,
				D375B3FA2B6A86D800E33710 /* GameType.swift */,
			);
			path = Enums;
			sourceTree = "<group>";
		};
		D375B3FC2B6A86D800E33710 /* Preview Content */ = {
			isa = PBXGroup;
			children = (
				D375B3FD2B6A86D800E33710 /* Preview Assets.xcassets */,
			);
			name = "Preview Content";
			path = "QuickMathstt/Preview Content";
			sourceTree = "<group>";
		};
		D375B3FE2B6A86D800E33710 /* Extensions */ = {
			isa = PBXGroup;
			children = (
				D375B4002B6A86D800E33710 /* Extensions.swift */,
				D375B4B82B6AA3D600E33710 /* NSManagedObject.swift */,
			);
			path = Extensions;
			sourceTree = "<group>";
		};
		D375B4022B6A86D800E33710 /* AppData */ = {
			isa = PBXGroup;
			children = (
				D375B4132B6A86D800E33710 /* CoreData */,
				D375B4BC2B6AA4D300E33710 /* Testing */,
			);
			path = AppData;
			sourceTree = "<group>";
		};
		D375B4132B6A86D800E33710 /* CoreData */ = {
			isa = PBXGroup;
			children = (
				D375B4CB2B6AA9E400E33710 /* Subclasses */,
				D375B4AF2B6A87EC00E33710 /* QuickMathsModel.xcdatamodeld */,
			);
			path = CoreData;
			sourceTree = "<group>";
		};
		D375B4342B6A86D800E33710 /* Views */ = {
			isa = PBXGroup;
			children = (
				D375B44E2B6A86D800E33710 /* TabBarView.swift */,
				D375B4552B6A86D800E33710 /* GameSelectionView.swift */,
				D375B4C12B6AA82800E33710 /* GameLogs */,
				D375B4492B6A86D800E33710 /* Game */,
			);
			path = Views;
			sourceTree = "<group>";
		};
		D375B4492B6A86D800E33710 /* Game */ = {
			isa = PBXGroup;
			children = (
				D375B44A2B6A86D800E33710 /* GameView.swift */,
				D375B44F2B6A86D800E33710 /* GameConfig */,
				D375B4C22B6AA8CE00E33710 /* Active */,
				D375B4C32B6AA8D300E33710 /* Results */,
				D375B4562B6A86D800E33710 /* ViewComponents */,
			);
			path = Game;
			sourceTree = "<group>";
		};
		D375B44F2B6A86D800E33710 /* GameConfig */ = {
			isa = PBXGroup;
			children = (
				D375B4502B6A86D800E33710 /* Timer */,
				D375B4522B6A86D800E33710 /* GameConfigHighScoreView.swift */,
				D375B4532B6A86D800E33710 /* GameConfigView.swift */,
				D375B4542B6A86D800E33710 /* GameConfigSlidersView.swift */,
			);
			path = GameConfig;
			sourceTree = "<group>";
		};
		D375B4502B6A86D800E33710 /* Timer */ = {
			isa = PBXGroup;
			children = (
				D375B4512B6A86D800E33710 /* TimerConfigView.swift */,
			);
			path = Timer;
			sourceTree = "<group>";
		};
		D375B4562B6A86D800E33710 /* ViewComponents */ = {
			isa = PBXGroup;
			children = (
				D375B4572B6A86D800E33710 /* Countdown */,
			);
			path = ViewComponents;
			sourceTree = "<group>";
		};
		D375B4572B6A86D800E33710 /* Countdown */ = {
			isa = PBXGroup;
			children = (
				D375B4582B6A86D800E33710 /* CountdownTimer.swift */,
				D375B4592B6A86D800E33710 /* GameCountdownView.swift */,
				D375B45A2B6A86D800E33710 /* ProgressBar.swift */,
			);
			path = Countdown;
			sourceTree = "<group>";
		};
		D375B4BC2B6AA4D300E33710 /* Testing */ = {
			isa = PBXGroup;
			children = (
				D375B4BA2B6AA4B200E33710 /* Database.swift */,
			);
			path = Testing;
			sourceTree = "<group>";
		};
		D375B4C12B6AA82800E33710 /* GameLogs */ = {
			isa = PBXGroup;
			children = (
				D375B4B62B6A894700E33710 /* AllGameLogsView.swift */,
				D375B4482B6A86D800E33710 /* GameLogDetailView.swift */,
				D375B4C62B6AA90300E33710 /* ViewComponents */,
			);
			path = GameLogs;
			sourceTree = "<group>";
		};
		D375B4C22B6AA8CE00E33710 /* Active */ = {
			isa = PBXGroup;
			children = (
				D375B44B2B6A86D800E33710 /* GameActiveView.swift */,
				D375B45B2B6A86D800E33710 /* KeyboardView.swift */,
			);
			path = Active;
			sourceTree = "<group>";
		};
		D375B4C32B6AA8D300E33710 /* Results */ = {
			isa = PBXGroup;
			children = (
				D36080222B6B8015003B5E8D /* GameResultsView.swift */,
				D375B44D2B6A86D800E33710 /* SaveGameToggle.swift */,
			);
			path = Results;
			sourceTree = "<group>";
		};
		D375B4C62B6AA90300E33710 /* ViewComponents */ = {
			isa = PBXGroup;
			children = (
				D375B4C42B6AA90000E33710 /* GameLogListView.swift */,
			);
			path = ViewComponents;
			sourceTree = "<group>";
		};
		D375B4CB2B6AA9E400E33710 /* Subclasses */ = {
			isa = PBXGroup;
			children = (
				D375B4C72B6AA96400E33710 /* GameLog+CoreDataClass.swift */,
				D375B4C82B6AA96400E33710 /* GameLog+CoreDataProperties.swift */,
				D375B4CE2B6AAA6100E33710 /* Extensions */,
			);
			path = Subclasses;
			sourceTree = "<group>";
		};
		D375B4CE2B6AAA6100E33710 /* Extensions */ = {
			isa = PBXGroup;
			children = (
				D375B4CC2B6AAA5E00E33710 /* GameLogExtensions.swift */,
			);
			path = Extensions;
			sourceTree = "<group>";
		};
		D37ABB922B69714700529F1F = {
			isa = PBXGroup;
			children = (
				D37ABB9D2B69714700529F1F /* QuickMaths */,
				D37ABB9C2B69714700529F1F /* Products */,
			);
			sourceTree = "<group>";
		};
		D37ABB9C2B69714700529F1F /* Products */ = {
			isa = PBXGroup;
			children = (
				D37ABB9B2B69714700529F1F /* QuickMaths.app */,
			);
			name = Products;
			sourceTree = "<group>";
		};
		D37ABB9D2B69714700529F1F /* QuickMaths */ = {
			isa = PBXGroup;
			children = (
				D375B4332B6A86D800E33710 /* QuickMathsApp.swift */,
				D375B4012B6A86D800E33710 /* ReadMe.md */,
				D375B4342B6A86D800E33710 /* Views */,
				D375B4022B6A86D800E33710 /* AppData */,
				D375B3EE2B6A86D800E33710 /* Managers */,
				D375B3F82B6A86D800E33710 /* Enums */,
				D375B3FE2B6A86D800E33710 /* Extensions */,
				D375B3FC2B6A86D800E33710 /* Preview Content */,
				D37ABBA22B69714800529F1F /* Assets.xcassets */,
				D37ABBA42B69714800529F1F /* Preview Content */,
			);
			path = QuickMaths;
			sourceTree = "<group>";
		};
		D37ABBA42B69714800529F1F /* Preview Content */ = {
			isa = PBXGroup;
			children = (
				D37ABBA52B69714800529F1F /* Preview Assets.xcassets */,
			);
			path = "Preview Content";
			sourceTree = "<group>";
		};
/* End PBXGroup section */

/* Begin PBXNativeTarget section */
		D37ABB9A2B69714700529F1F /* QuickMaths */ = {
			isa = PBXNativeTarget;
			buildConfigurationList = D37ABBA92B69714800529F1F /* Build configuration list for PBXNativeTarget "QuickMaths" */;
			buildPhases = (
				D37ABB972B69714700529F1F /* Sources */,
				D37ABB982B69714700529F1F /* Frameworks */,
				D37ABB992B69714700529F1F /* Resources */,
			);
			buildRules = (
			);
			dependencies = (
			);
			name = QuickMaths;
			productName = QuickMaths;
			productReference = D37ABB9B2B69714700529F1F /* QuickMaths.app */;
			productType = "com.apple.product-type.application";
		};
/* End PBXNativeTarget section */

/* Begin PBXProject section */
		D37ABB932B69714700529F1F /* Project object */ = {
			isa = PBXProject;
			attributes = {
				BuildIndependentTargetsInParallel = 1;
				LastSwiftUpdateCheck = 1500;
				LastUpgradeCheck = 1500;
				TargetAttributes = {
					D37ABB9A2B69714700529F1F = {
						CreatedOnToolsVersion = 15.0.1;
					};
				};
			};
			buildConfigurationList = D37ABB962B69714700529F1F /* Build configuration list for PBXProject "QuickMaths" */;
			compatibilityVersion = "Xcode 14.0";
			developmentRegion = en;
			hasScannedForEncodings = 0;
			knownRegions = (
				en,
				Base,
			);
			mainGroup = D37ABB922B69714700529F1F;
			productRefGroup = D37ABB9C2B69714700529F1F /* Products */;
			projectDirPath = "";
			projectRoot = "";
			targets = (
				D37ABB9A2B69714700529F1F /* QuickMaths */,
			);
		};
/* End PBXProject section */

/* Begin PBXResourcesBuildPhase section */
		D37ABB992B69714700529F1F /* Resources */ = {
			isa = PBXResourcesBuildPhase;
			buildActionMask = 2147483647;
			files = (
				D375B46B2B6A86D800E33710 /* Preview Assets.xcassets in Resources */,
				D37ABBA62B69714800529F1F /* Preview Assets.xcassets in Resources */,
				D37ABBA32B69714800529F1F /* Assets.xcassets in Resources */,
				D375B46E2B6A86D800E33710 /* ReadMe.md in Resources */,
			);
			runOnlyForDeploymentPostprocessing = 0;
		};
/* End PBXResourcesBuildPhase section */

/* Begin PBXSourcesBuildPhase section */
		D37ABB972B69714700529F1F /* Sources */ = {
			isa = PBXSourcesBuildPhase;
			buildActionMask = 2147483647;
			files = (
				D375B4A12B6A86D800E33710 /* TabBarView.swift in Sources */,
				D375B4662B6A86D800E33710 /* GameQuestionManager.swift in Sources */,
				D375B4C52B6AA90000E33710 /* GameLogListView.swift in Sources */,
				D375B4CD2B6AAA5E00E33710 /* GameLogExtensions.swift in Sources */,
				D36080172B6B7585003B5E8D /* QuestionDuration.swift in Sources */,
				D375B49D2B6A86D800E33710 /* GameView.swift in Sources */,
				D375B4A72B6A86D800E33710 /* CountdownTimer.swift in Sources */,
				D375B4A32B6A86D800E33710 /* GameConfigHighScoreView.swift in Sources */,
				D375B4612B6A86D800E33710 /* Calculator.swift in Sources */,
				D360801E2B6B7649003B5E8D /* JSONManager.swift in Sources */,
				D375B4A02B6A86D800E33710 /* SaveGameToggle.swift in Sources */,
				D375B4A82B6A86D800E33710 /* GameCountdownView.swift in Sources */,
				D375B46D2B6A86D800E33710 /* Extensions.swift in Sources */,
				D375B4BB2B6AA4B200E33710 /* Database.swift in Sources */,
				D375B4A42B6A86D800E33710 /* GameConfigView.swift in Sources */,
				D375B4A22B6A86D800E33710 /* TimerConfigView.swift in Sources */,
				D375B4AA2B6A86D800E33710 /* KeyboardView.swift in Sources */,
				D36080232B6B8015003B5E8D /* GameResultsView.swift in Sources */,
				D375B4A92B6A86D800E33710 /* ProgressBar.swift in Sources */,
				D375B4B72B6A894700E33710 /* AllGameLogsView.swift in Sources */,
				D375B4632B6A86D800E33710 /* GameConfigObject.swift in Sources */,
				D375B4902B6A86D800E33710 /* QuickMathsApp.swift in Sources */,
				D375B4CA2B6AA96400E33710 /* GameLog+CoreDataProperties.swift in Sources */,
				D36080122B6B74FF003B5E8D /* ParsedLogData.swift in Sources */,
				D375B4642B6A86D800E33710 /* TimerManager.swift in Sources */,
				D36080192B6B7599003B5E8D /* QuestionAttempts.swift in Sources */,
				D375B4692B6A86D800E33710 /* GameType.swift in Sources */,
				D375B4B92B6AA3D600E33710 /* NSManagedObject.swift in Sources */,
				D375B4B12B6A87EC00E33710 /* QuickMathsModel.xcdatamodeld in Sources */,
				D36080202B6B7F08003B5E8D /* NavigationManager.swift in Sources */,
				D360801B2B6B75F0003B5E8D /* LogDataCalculator.swift in Sources */,
				D375B49C2B6A86D800E33710 /* GameLogDetailView.swift in Sources */,
				D375B4672B6A86D800E33710 /* GameManager.swift in Sources */,
				D375B4652B6A86D800E33710 /* GameDataObject.swift in Sources */,
				D375B4A52B6A86D800E33710 /* GameConfigSlidersView.swift in Sources */,
				D375B4A62B6A86D800E33710 /* GameSelectionView.swift in Sources */,
				D375B4682B6A86D800E33710 /* GameQuestionResult.swift in Sources */,
				D375B49E2B6A86D800E33710 /* GameActiveView.swift in Sources */,
				D375B4C92B6AA96400E33710 /* GameLog+CoreDataClass.swift in Sources */,
				D375B4622B6A86D800E33710 /* QuickMathsManager.swift in Sources */,
			);
			runOnlyForDeploymentPostprocessing = 0;
		};
/* End PBXSourcesBuildPhase section */

/* Begin XCBuildConfiguration section */
		D37ABBA72B69714800529F1F /* Debug */ = {
			isa = XCBuildConfiguration;
			buildSettings = {
				ALWAYS_SEARCH_USER_PATHS = NO;
				ASSETCATALOG_COMPILER_GENERATE_SWIFT_ASSET_SYMBOL_EXTENSIONS = YES;
				CLANG_ANALYZER_NONNULL = YES;
				CLANG_ANALYZER_NUMBER_OBJECT_CONVERSION = YES_AGGRESSIVE;
				CLANG_CXX_LANGUAGE_STANDARD = "gnu++20";
				CLANG_ENABLE_MODULES = YES;
				CLANG_ENABLE_OBJC_ARC = YES;
				CLANG_ENABLE_OBJC_WEAK = YES;
				CLANG_WARN_BLOCK_CAPTURE_AUTORELEASING = YES;
				CLANG_WARN_BOOL_CONVERSION = YES;
				CLANG_WARN_COMMA = YES;
				CLANG_WARN_CONSTANT_CONVERSION = YES;
				CLANG_WARN_DEPRECATED_OBJC_IMPLEMENTATIONS = YES;
				CLANG_WARN_DIRECT_OBJC_ISA_USAGE = YES_ERROR;
				CLANG_WARN_DOCUMENTATION_COMMENTS = YES;
				CLANG_WARN_EMPTY_BODY = YES;
				CLANG_WARN_ENUM_CONVERSION = YES;
				CLANG_WARN_INFINITE_RECURSION = YES;
				CLANG_WARN_INT_CONVERSION = YES;
				CLANG_WARN_NON_LITERAL_NULL_CONVERSION = YES;
				CLANG_WARN_OBJC_IMPLICIT_RETAIN_SELF = YES;
				CLANG_WARN_OBJC_LITERAL_CONVERSION = YES;
				CLANG_WARN_OBJC_ROOT_CLASS = YES_ERROR;
				CLANG_WARN_QUOTED_INCLUDE_IN_FRAMEWORK_HEADER = YES;
				CLANG_WARN_RANGE_LOOP_ANALYSIS = YES;
				CLANG_WARN_STRICT_PROTOTYPES = YES;
				CLANG_WARN_SUSPICIOUS_MOVE = YES;
				CLANG_WARN_UNGUARDED_AVAILABILITY = YES_AGGRESSIVE;
				CLANG_WARN_UNREACHABLE_CODE = YES;
				CLANG_WARN__DUPLICATE_METHOD_MATCH = YES;
				COPY_PHASE_STRIP = NO;
				DEBUG_INFORMATION_FORMAT = dwarf;
				ENABLE_STRICT_OBJC_MSGSEND = YES;
				ENABLE_TESTABILITY = YES;
				ENABLE_USER_SCRIPT_SANDBOXING = YES;
				GCC_C_LANGUAGE_STANDARD = gnu17;
				GCC_DYNAMIC_NO_PIC = NO;
				GCC_NO_COMMON_BLOCKS = YES;
				GCC_OPTIMIZATION_LEVEL = 0;
				GCC_PREPROCESSOR_DEFINITIONS = (
					"DEBUG=1",
					"$(inherited)",
				);
				GCC_WARN_64_TO_32_BIT_CONVERSION = YES;
				GCC_WARN_ABOUT_RETURN_TYPE = YES_ERROR;
				GCC_WARN_UNDECLARED_SELECTOR = YES;
				GCC_WARN_UNINITIALIZED_AUTOS = YES_AGGRESSIVE;
				GCC_WARN_UNUSED_FUNCTION = YES;
				GCC_WARN_UNUSED_VARIABLE = YES;
				IPHONEOS_DEPLOYMENT_TARGET = 17.0;
				LOCALIZATION_PREFERS_STRING_CATALOGS = YES;
				MTL_ENABLE_DEBUG_INFO = INCLUDE_SOURCE;
				MTL_FAST_MATH = YES;
				ONLY_ACTIVE_ARCH = YES;
				SDKROOT = iphoneos;
				SWIFT_ACTIVE_COMPILATION_CONDITIONS = "DEBUG $(inherited)";
				SWIFT_OPTIMIZATION_LEVEL = "-Onone";
			};
			name = Debug;
		};
		D37ABBA82B69714800529F1F /* Release */ = {
			isa = XCBuildConfiguration;
			buildSettings = {
				ALWAYS_SEARCH_USER_PATHS = NO;
				ASSETCATALOG_COMPILER_GENERATE_SWIFT_ASSET_SYMBOL_EXTENSIONS = YES;
				CLANG_ANALYZER_NONNULL = YES;
				CLANG_ANALYZER_NUMBER_OBJECT_CONVERSION = YES_AGGRESSIVE;
				CLANG_CXX_LANGUAGE_STANDARD = "gnu++20";
				CLANG_ENABLE_MODULES = YES;
				CLANG_ENABLE_OBJC_ARC = YES;
				CLANG_ENABLE_OBJC_WEAK = YES;
				CLANG_WARN_BLOCK_CAPTURE_AUTORELEASING = YES;
				CLANG_WARN_BOOL_CONVERSION = YES;
				CLANG_WARN_COMMA = YES;
				CLANG_WARN_CONSTANT_CONVERSION = YES;
				CLANG_WARN_DEPRECATED_OBJC_IMPLEMENTATIONS = YES;
				CLANG_WARN_DIRECT_OBJC_ISA_USAGE = YES_ERROR;
				CLANG_WARN_DOCUMENTATION_COMMENTS = YES;
				CLANG_WARN_EMPTY_BODY = YES;
				CLANG_WARN_ENUM_CONVERSION = YES;
				CLANG_WARN_INFINITE_RECURSION = YES;
				CLANG_WARN_INT_CONVERSION = YES;
				CLANG_WARN_NON_LITERAL_NULL_CONVERSION = YES;
				CLANG_WARN_OBJC_IMPLICIT_RETAIN_SELF = YES;
				CLANG_WARN_OBJC_LITERAL_CONVERSION = YES;
				CLANG_WARN_OBJC_ROOT_CLASS = YES_ERROR;
				CLANG_WARN_QUOTED_INCLUDE_IN_FRAMEWORK_HEADER = YES;
				CLANG_WARN_RANGE_LOOP_ANALYSIS = YES;
				CLANG_WARN_STRICT_PROTOTYPES = YES;
				CLANG_WARN_SUSPICIOUS_MOVE = YES;
				CLANG_WARN_UNGUARDED_AVAILABILITY = YES_AGGRESSIVE;
				CLANG_WARN_UNREACHABLE_CODE = YES;
				CLANG_WARN__DUPLICATE_METHOD_MATCH = YES;
				COPY_PHASE_STRIP = NO;
				DEBUG_INFORMATION_FORMAT = "dwarf-with-dsym";
				ENABLE_NS_ASSERTIONS = NO;
				ENABLE_STRICT_OBJC_MSGSEND = YES;
				ENABLE_USER_SCRIPT_SANDBOXING = YES;
				GCC_C_LANGUAGE_STANDARD = gnu17;
				GCC_NO_COMMON_BLOCKS = YES;
				GCC_WARN_64_TO_32_BIT_CONVERSION = YES;
				GCC_WARN_ABOUT_RETURN_TYPE = YES_ERROR;
				GCC_WARN_UNDECLARED_SELECTOR = YES;
				GCC_WARN_UNINITIALIZED_AUTOS = YES_AGGRESSIVE;
				GCC_WARN_UNUSED_FUNCTION = YES;
				GCC_WARN_UNUSED_VARIABLE = YES;
				IPHONEOS_DEPLOYMENT_TARGET = 17.0;
				LOCALIZATION_PREFERS_STRING_CATALOGS = YES;
				MTL_ENABLE_DEBUG_INFO = NO;
				MTL_FAST_MATH = YES;
				SDKROOT = iphoneos;
				SWIFT_COMPILATION_MODE = wholemodule;
				VALIDATE_PRODUCT = YES;
			};
			name = Release;
		};
		D37ABBAA2B69714800529F1F /* Debug */ = {
			isa = XCBuildConfiguration;
			buildSettings = {
				ASSETCATALOG_COMPILER_APPICON_NAME = AppIcon;
				ASSETCATALOG_COMPILER_GLOBAL_ACCENT_COLOR_NAME = AccentColor;
				CODE_SIGN_STYLE = Automatic;
				CURRENT_PROJECT_VERSION = 1;
				DEVELOPMENT_ASSET_PATHS = "\"QuickMaths/Preview Content\"";
				DEVELOPMENT_TEAM = Y96XUGCJZ5;
				ENABLE_PREVIEWS = YES;
				GENERATE_INFOPLIST_FILE = YES;
				INFOPLIST_KEY_UIApplicationSceneManifest_Generation = YES;
				INFOPLIST_KEY_UIApplicationSupportsIndirectInputEvents = YES;
				INFOPLIST_KEY_UILaunchScreen_Generation = YES;
				INFOPLIST_KEY_UISupportedInterfaceOrientations_iPad = "UIInterfaceOrientationPortrait UIInterfaceOrientationPortraitUpsideDown UIInterfaceOrientationLandscapeLeft UIInterfaceOrientationLandscapeRight";
				INFOPLIST_KEY_UISupportedInterfaceOrientations_iPhone = "UIInterfaceOrientationPortrait UIInterfaceOrientationLandscapeLeft UIInterfaceOrientationLandscapeRight";
				LD_RUNPATH_SEARCH_PATHS = (
					"$(inherited)",
					"@executable_path/Frameworks",
				);
				MARKETING_VERSION = 1.0;
				PRODUCT_BUNDLE_IDENTIFIER = Hardy.QuickMaths;
				PRODUCT_NAME = "$(TARGET_NAME)";
				SWIFT_EMIT_LOC_STRINGS = YES;
				SWIFT_VERSION = 5.0;
				TARGETED_DEVICE_FAMILY = "1,2";
			};
			name = Debug;
		};
		D37ABBAB2B69714800529F1F /* Release */ = {
			isa = XCBuildConfiguration;
			buildSettings = {
				ASSETCATALOG_COMPILER_APPICON_NAME = AppIcon;
				ASSETCATALOG_COMPILER_GLOBAL_ACCENT_COLOR_NAME = AccentColor;
				CODE_SIGN_STYLE = Automatic;
				CURRENT_PROJECT_VERSION = 1;
				DEVELOPMENT_ASSET_PATHS = "\"QuickMaths/Preview Content\"";
				DEVELOPMENT_TEAM = Y96XUGCJZ5;
				ENABLE_PREVIEWS = YES;
				GENERATE_INFOPLIST_FILE = YES;
				INFOPLIST_KEY_UIApplicationSceneManifest_Generation = YES;
				INFOPLIST_KEY_UIApplicationSupportsIndirectInputEvents = YES;
				INFOPLIST_KEY_UILaunchScreen_Generation = YES;
				INFOPLIST_KEY_UISupportedInterfaceOrientations_iPad = "UIInterfaceOrientationPortrait UIInterfaceOrientationPortraitUpsideDown UIInterfaceOrientationLandscapeLeft UIInterfaceOrientationLandscapeRight";
				INFOPLIST_KEY_UISupportedInterfaceOrientations_iPhone = "UIInterfaceOrientationPortrait UIInterfaceOrientationLandscapeLeft UIInterfaceOrientationLandscapeRight";
				LD_RUNPATH_SEARCH_PATHS = (
					"$(inherited)",
					"@executable_path/Frameworks",
				);
				MARKETING_VERSION = 1.0;
				PRODUCT_BUNDLE_IDENTIFIER = Hardy.QuickMaths;
				PRODUCT_NAME = "$(TARGET_NAME)";
				SWIFT_EMIT_LOC_STRINGS = YES;
				SWIFT_VERSION = 5.0;
				TARGETED_DEVICE_FAMILY = "1,2";
			};
			name = Release;
		};
/* End XCBuildConfiguration section */

/* Begin XCConfigurationList section */
		D37ABB962B69714700529F1F /* Build configuration list for PBXProject "QuickMaths" */ = {
			isa = XCConfigurationList;
			buildConfigurations = (
				D37ABBA72B69714800529F1F /* Debug */,
				D37ABBA82B69714800529F1F /* Release */,
			);
			defaultConfigurationIsVisible = 0;
			defaultConfigurationName = Release;
		};
		D37ABBA92B69714800529F1F /* Build configuration list for PBXNativeTarget "QuickMaths" */ = {
			isa = XCConfigurationList;
			buildConfigurations = (
				D37ABBAA2B69714800529F1F /* Debug */,
				D37ABBAB2B69714800529F1F /* Release */,
			);
			defaultConfigurationIsVisible = 0;
			defaultConfigurationName = Release;
		};
/* End XCConfigurationList section */

/* Begin XCVersionGroup section */
		D375B4AF2B6A87EC00E33710 /* QuickMathsModel.xcdatamodeld */ = {
			isa = XCVersionGroup;
			children = (
				D375B4B02B6A87EC00E33710 /* dsds.xcdatamodel */,
			);
			currentVersion = D375B4B02B6A87EC00E33710 /* dsds.xcdatamodel */;
			name = QuickMathsModel.xcdatamodeld;
			path = ../../../QuickMathsModel.xcdatamodeld;
			sourceTree = "<group>";
			versionGroupType = wrapper.xcdatamodel;
		};
/* End XCVersionGroup section */
	};
	rootObject = D37ABB932B69714700529F1F /* Project object */;
}
